
Microsoft Visual Studio Solution File, Format Version 12.00
# Visual Studio Version 17
VisualStudioVersion = 17.14.36221.1 d17.14
MinimumVisualStudioVersion = 10.0.40219.1
Project("{FAE04EC0-301F-11D3-BF4B-00C04F79EFBC}") = "ArraysListas", "ArraysListas\ArraysListas.csproj", "{DED51A89-6CD7-4817-87E8-A43CE79E6E37}"
EndProject
Global
	GlobalSection(SolutionConfigurationPlatforms) = preSolution
		Debug|Any CPU = Debug|Any CPU
		Release|Any CPU = Release|Any CPU
	EndGlobalSection
	GlobalSection(ProjectConfigurationPlatforms) = postSolution
		{DED51A89-6CD7-4817-87E8-A43CE79E6E37}.Debug|Any CPU.ActiveCfg = Debug|Any CPU
		{DED51A89-6CD7-4817-87E8-A43CE79E6E37}.Debug|Any CPU.Build.0 = Debug|Any CPU
		{DED51A89-6CD7-4817-87E8-A43CE79E6E37}.Release|Any CPU.ActiveCfg = Release|Any CPU
		{DED51A89-6CD7-4817-87E8-A43CE79E6E37}.Release|Any CPU.Build.0 = Release|Any CPU
	EndGlobalSection
	GlobalSection(SolutionProperties) = preSolution
		HideSolutionNode = FALSE
	EndGlobalSection
	GlobalSection(ExtensibilityGlobals) = postSolution
		SolutionGuid = {FED98A93-9572-4818-9F61-3891C2B463D5}
	EndGlobalSection
EndGlobal
